// !$*UTF8*$!
{
	archiveVersion = 1;
	classes = {
	};
	objectVersion = 50;
	objects = {

/* Begin PBXBuildFile section */
		9A46305121B22A7B00AD840B /* LineManager.cpp in Sources */ = {isa = PBXBuildFile; fileRef = 9A46304F21B22A7B00AD840B /* LineManager.cpp */; };
		9AFAB53621A99A1B00DD044C /* ms3.cpp in Sources */ = {isa = PBXBuildFile; fileRef = 9AFAB53521A99A1B00DD044C /* ms3.cpp */; };
		9AFAB54221A99B2500DD044C /* Utilities.cpp in Sources */ = {isa = PBXBuildFile; fileRef = 9AFAB53C21A99B2500DD044C /* Utilities.cpp */; };
		9AFAB54321A99B2500DD044C /* CustomerOrder.cpp in Sources */ = {isa = PBXBuildFile; fileRef = 9AFAB53D21A99B2500DD044C /* CustomerOrder.cpp */; };
		9AFAB54421A99B2500DD044C /* Item.cpp in Sources */ = {isa = PBXBuildFile; fileRef = 9AFAB54021A99B2500DD044C /* Item.cpp */; };
		9AFAB54721A99B3C00DD044C /* Task.cpp in Sources */ = {isa = PBXBuildFile; fileRef = 9AFAB54521A99B3C00DD044C /* Task.cpp */; };
/* End PBXBuildFile section */

/* Begin PBXCopyFilesBuildPhase section */
		9AFAB53021A99A1B00DD044C /* CopyFiles */ = {
			isa = PBXCopyFilesBuildPhase;
			buildActionMask = 2147483647;
			dstPath = /usr/share/man/man1/;
			dstSubfolderSpec = 0;
			files = (
			);
			runOnlyForDeploymentPostprocessing = 1;
		};
/* End PBXCopyFilesBuildPhase section */

/* Begin PBXFileReference section */
		9A46304F21B22A7B00AD840B /* LineManager.cpp */ = {isa = PBXFileReference; lastKnownFileType = sourcecode.cpp.cpp; path = LineManager.cpp; sourceTree = "<group>"; };
		9A46305021B22A7B00AD840B /* LineManager.h */ = {isa = PBXFileReference; lastKnownFileType = sourcecode.c.h; path = LineManager.h; sourceTree = "<group>"; };
		9AFAB53221A99A1B00DD044C /* mileStone3 */ = {isa = PBXFileReference; explicitFileType = "compiled.mach-o.executable"; includeInIndex = 0; path = mileStone3; sourceTree = BUILT_PRODUCTS_DIR; };
		9AFAB53521A99A1B00DD044C /* ms3.cpp */ = {isa = PBXFileReference; lastKnownFileType = sourcecode.cpp.cpp; path = ms3.cpp; sourceTree = "<group>"; };
		9AFAB53C21A99B2500DD044C /* Utilities.cpp */ = {isa = PBXFileReference; fileEncoding = 4; lastKnownFileType = sourcecode.cpp.cpp; path = Utilities.cpp; sourceTree = "<group>"; };
		9AFAB53D21A99B2500DD044C /* CustomerOrder.cpp */ = {isa = PBXFileReference; fileEncoding = 4; lastKnownFileType = sourcecode.cpp.cpp; path = CustomerOrder.cpp; sourceTree = "<group>"; };
		9AFAB53E21A99B2500DD044C /* Utilities.h */ = {isa = PBXFileReference; fileEncoding = 4; lastKnownFileType = sourcecode.c.h; path = Utilities.h; sourceTree = "<group>"; };
		9AFAB53F21A99B2500DD044C /* CustomerOrder.h */ = {isa = PBXFileReference; fileEncoding = 4; lastKnownFileType = sourcecode.c.h; path = CustomerOrder.h; sourceTree = "<group>"; };
		9AFAB54021A99B2500DD044C /* Item.cpp */ = {isa = PBXFileReference; fileEncoding = 4; lastKnownFileType = sourcecode.cpp.cpp; path = Item.cpp; sourceTree = "<group>"; };
		9AFAB54121A99B2500DD044C /* Item.h */ = {isa = PBXFileReference; fileEncoding = 4; lastKnownFileType = sourcecode.c.h; path = Item.h; sourceTree = "<group>"; };
		9AFAB54521A99B3C00DD044C /* Task.cpp */ = {isa = PBXFileReference; lastKnownFileType = sourcecode.cpp.cpp; path = Task.cpp; sourceTree = "<group>"; };
		9AFAB54621A99B3C00DD044C /* Task.h */ = {isa = PBXFileReference; lastKnownFileType = sourcecode.c.h; path = Task.h; sourceTree = "<group>"; };
/* End PBXFileReference section */

/* Begin PBXFrameworksBuildPhase section */
		9AFAB52F21A99A1B00DD044C /* Frameworks */ = {
			isa = PBXFrameworksBuildPhase;
			buildActionMask = 2147483647;
			files = (
			);
			runOnlyForDeploymentPostprocessing = 0;
		};
/* End PBXFrameworksBuildPhase section */

/* Begin PBXGroup section */
		9AFAB52921A99A1A00DD044C = {
			isa = PBXGroup;
			children = (
				9AFAB53421A99A1B00DD044C /* mileStone3 */,
				9AFAB53321A99A1B00DD044C /* Products */,
			);
			sourceTree = "<group>";
		};
		9AFAB53321A99A1B00DD044C /* Products */ = {
			isa = PBXGroup;
			children = (
				9AFAB53221A99A1B00DD044C /* mileStone3 */,
			);
			name = Products;
			sourceTree = "<group>";
		};
		9AFAB53421A99A1B00DD044C /* mileStone3 */ = {
			isa = PBXGroup;
			children = (
				9AFAB53D21A99B2500DD044C /* CustomerOrder.cpp */,
				9AFAB53F21A99B2500DD044C /* CustomerOrder.h */,
				9AFAB54021A99B2500DD044C /* Item.cpp */,
				9AFAB54121A99B2500DD044C /* Item.h */,
				9AFAB53C21A99B2500DD044C /* Utilities.cpp */,
				9AFAB53E21A99B2500DD044C /* Utilities.h */,
				9AFAB53521A99A1B00DD044C /* ms3.cpp */,
				9AFAB54521A99B3C00DD044C /* Task.cpp */,
				9AFAB54621A99B3C00DD044C /* Task.h */,
				9A46304F21B22A7B00AD840B /* LineManager.cpp */,
				9A46305021B22A7B00AD840B /* LineManager.h */,
			);
			path = mileStone3;
			sourceTree = "<group>";
		};
/* End PBXGroup section */

/* Begin PBXNativeTarget section */
		9AFAB53121A99A1B00DD044C /* mileStone3 */ = {
			isa = PBXNativeTarget;
			buildConfigurationList = 9AFAB53921A99A1B00DD044C /* Build configuration list for PBXNativeTarget "mileStone3" */;
			buildPhases = (
				9AFAB52E21A99A1B00DD044C /* Sources */,
				9AFAB52F21A99A1B00DD044C /* Frameworks */,
				9AFAB53021A99A1B00DD044C /* CopyFiles */,
			);
			buildRules = (
			);
			dependencies = (
			);
			name = mileStone3;
			productName = mileStone3;
			productReference = 9AFAB53221A99A1B00DD044C /* mileStone3 */;
			productType = "com.apple.product-type.tool";
		};
/* End PBXNativeTarget section */

/* Begin PBXProject section */
		9AFAB52A21A99A1A00DD044C /* Project object */ = {
			isa = PBXProject;
			attributes = {
				LastUpgradeCheck = 1010;
				ORGANIZATIONNAME = "Jayson Sherry";
				TargetAttributes = {
					9AFAB53121A99A1B00DD044C = {
						CreatedOnToolsVersion = 10.1;
					};
				};
			};
			buildConfigurationList = 9AFAB52D21A99A1A00DD044C /* Build configuration list for PBXProject "mileStone3" */;
			compatibilityVersion = "Xcode 9.3";
			developmentRegion = en;
			hasScannedForEncodings = 0;
			knownRegions = (
				en,
			);
			mainGroup = 9AFAB52921A99A1A00DD044C;
			productRefGroup = 9AFAB53321A99A1B00DD044C /* Products */;
			projectDirPath = "";
			projectRoot = "";
			targets = (
				9AFAB53121A99A1B00DD044C /* mileStone3 */,
			);
		};
/* End PBXProject section */

/* Begin PBXSourcesBuildPhase section */
		9AFAB52E21A99A1B00DD044C /* Sources */ = {
			isa = PBXSourcesBuildPhase;
			buildActionMask = 2147483647;
			files = (
				9A46305121B22A7B00AD840B /* LineManager.cpp in Sources */,
				9AFAB54421A99B2500DD044C /* Item.cpp in Sources */,
				9AFAB54221A99B2500DD044C /* Utilities.cpp in Sources */,
				9AFAB54321A99B2500DD044C /* CustomerOrder.cpp in Sources */,
				9AFAB53621A99A1B00DD044C /* ms3.cpp in Sources */,
				9AFAB54721A99B3C00DD044C /* Task.cpp in Sources */,
			);
			runOnlyForDeploymentPostprocessing = 0;
		};
/* End PBXSourcesBuildPhase section */

/* Begin XCBuildConfiguration section */
		9AFAB53721A99A1B00DD044C /* Debug */ = {
			isa = XCBuildConfiguration;
			buildSettings = {
				ALWAYS_SEARCH_USER_PATHS = NO;
				CLANG_ANALYZER_NONNULL = YES;
				CLANG_ANALYZER_NUMBER_OBJECT_CONVERSION = YES_AGGRESSIVE;
				CLANG_CXX_LANGUAGE_STANDARD = "gnu++14";
				CLANG_CXX_LIBRARY = "libc++";
				CLANG_ENABLE_MODULES = YES;
				CLANG_ENABLE_OBJC_ARC = YES;
				CLANG_ENABLE_OBJC_WEAK = YES;
				CLANG_WARN_BLOCK_CAPTURE_AUTORELEASING = YES;
				CLANG_WARN_BOOL_CONVERSION = YES;
				CLANG_WARN_COMMA = YES;
				CLANG_WARN_CONSTANT_CONVERSION = YES;
				CLANG_WARN_DEPRECATED_OBJC_IMPLEMENTATIONS = YES;
				CLANG_WARN_DIRECT_OBJC_ISA_USAGE = YES_ERROR;
				CLANG_WARN_DOCUMENTATION_COMMENTS = YES;
				CLANG_WARN_EMPTY_BODY = YES;
				CLANG_WARN_ENUM_CONVERSION = YES;
				CLANG_WARN_INFINITE_RECURSION = YES;
				CLANG_WARN_INT_CONVERSION = YES;
				CLANG_WARN_NON_LITERAL_NULL_CONVERSION = YES;
				CLANG_WARN_OBJC_IMPLICIT_RETAIN_SELF = YES;
				CLANG_WARN_OBJC_LITERAL_CONVERSION = YES;
				CLANG_WARN_OBJC_ROOT_CLASS = YES_ERROR;
				CLANG_WARN_RANGE_LOOP_ANALYSIS = YES;
				CLANG_WARN_STRICT_PROTOTYPES = YES;
				CLANG_WARN_SUSPICIOUS_MOVE = YES;
				CLANG_WARN_UNGUARDED_AVAILABILITY = YES_AGGRESSIVE;
				CLANG_WARN_UNREACHABLE_CODE = YES;
				CLANG_WARN__DUPLICATE_METHOD_MATCH = YES;
				CODE_SIGN_IDENTITY = "Mac Developer";
				COPY_PHASE_STRIP = NO;
				DEBUG_INFORMATION_FORMAT = dwarf;
				ENABLE_STRICT_OBJC_MSGSEND = YES;
				ENABLE_TESTABILITY = YES;
				GCC_C_LANGUAGE_STANDARD = gnu11;
				GCC_DYNAMIC_NO_PIC = NO;
				GCC_NO_COMMON_BLOCKS = YES;
				GCC_OPTIMIZATION_LEVEL = 0;
				GCC_PREPROCESSOR_DEFINITIONS = (
					"DEBUG=1",
					"$(inherited)",
				);
				GCC_WARN_64_TO_32_BIT_CONVERSION = YES;
				GCC_WARN_ABOUT_RETURN_TYPE = YES_ERROR;
				GCC_WARN_UNDECLARED_SELECTOR = YES;
				GCC_WARN_UNINITIALIZED_AUTOS = YES_AGGRESSIVE;
				GCC_WARN_UNUSED_FUNCTION = YES;
				GCC_WARN_UNUSED_VARIABLE = YES;
				MACOSX_DEPLOYMENT_TARGET = 10.14;
				MTL_ENABLE_DEBUG_INFO = INCLUDE_SOURCE;
				MTL_FAST_MATH = YES;
				ONLY_ACTIVE_ARCH = YES;
				SDKROOT = macosx;
			};
			name = Debug;
		};
		9AFAB53821A99A1B00DD044C /* Release */ = {
			isa = XCBuildConfiguration;
			buildSettings = {
				ALWAYS_SEARCH_USER_PATHS = NO;
				CLANG_ANALYZER_NONNULL = YES;
				CLANG_ANALYZER_NUMBER_OBJECT_CONVERSION = YES_AGGRESSIVE;
				CLANG_CXX_LANGUAGE_STANDARD = "gnu++14";
				CLANG_CXX_LIBRARY = "libc++";
				CLANG_ENABLE_MODULES = YES;
				CLANG_ENABLE_OBJC_ARC = YES;
				CLANG_ENABLE_OBJC_WEAK = YES;
				CLANG_WARN_BLOCK_CAPTURE_AUTORELEASING = YES;
				CLANG_WARN_BOOL_CONVERSION = YES;
				CLANG_WARN_COMMA = YES;
				CLANG_WARN_CONSTANT_CONVERSION = YES;
				CLANG_WARN_DEPRECATED_OBJC_IMPLEMENTATIONS = YES;
				CLANG_WARN_DIRECT_OBJC_ISA_USAGE = YES_ERROR;
				CLANG_WARN_DOCUMENTATION_COMMENTS = YES;
				CLANG_WARN_EMPTY_BODY = YES;
				CLANG_WARN_ENUM_CONVERSION = YES;
				CLANG_WARN_INFINITE_RECURSION = YES;
				CLANG_WARN_INT_CONVERSION = YES;
				CLANG_WARN_NON_LITERAL_NULL_CONVERSION = YES;
				CLANG_WARN_OBJC_IMPLICIT_RETAIN_SELF = YES;
				CLANG_WARN_OBJC_LITERAL_CONVERSION = YES;
				CLANG_WARN_OBJC_ROOT_CLASS = YES_ERROR;
				CLANG_WARN_RANGE_LOOP_ANALYSIS = YES;
				CLANG_WARN_STRICT_PROTOTYPES = YES;
				CLANG_WARN_SUSPICIOUS_MOVE = YES;
				CLANG_WARN_UNGUARDED_AVAILABILITY = YES_AGGRESSIVE;
				CLANG_WARN_UNREACHABLE_CODE = YES;
				CLANG_WARN__DUPLICATE_METHOD_MATCH = YES;
				CODE_SIGN_IDENTITY = "Mac Developer";
				COPY_PHASE_STRIP = NO;
				DEBUG_INFORMATION_FORMAT = "dwarf-with-dsym";
				ENABLE_NS_ASSERTIONS = NO;
				ENABLE_STRICT_OBJC_MSGSEND = YES;
				GCC_C_LANGUAGE_STANDARD = gnu11;
				GCC_NO_COMMON_BLOCKS = YES;
				GCC_WARN_64_TO_32_BIT_CONVERSION = YES;
				GCC_WARN_ABOUT_RETURN_TYPE = YES_ERROR;
				GCC_WARN_UNDECLARED_SELECTOR = YES;
				GCC_WARN_UNINITIALIZED_AUTOS = YES_AGGRESSIVE;
				GCC_WARN_UNUSED_FUNCTION = YES;
				GCC_WARN_UNUSED_VARIABLE = YES;
				MACOSX_DEPLOYMENT_TARGET = 10.14;
				MTL_ENABLE_DEBUG_INFO = NO;
				MTL_FAST_MATH = YES;
				SDKROOT = macosx;
			};
			name = Release;
		};
		9AFAB53A21A99A1B00DD044C /* Debug */ = {
			isa = XCBuildConfiguration;
			buildSettings = {
				CODE_SIGN_STYLE = Automatic;
				DEVELOPMENT_TEAM = 7UU74PP22U;
				ENABLE_TESTABILITY = YES;
				PRODUCT_NAME = "$(TARGET_NAME)";
				TREAT_MISSING_BASELINES_AS_TEST_FAILURES = NO;
			};
			name = Debug;
		};
		9AFAB53B21A99A1B00DD044C /* Release */ = {
			isa = XCBuildConfiguration;
			buildSettings = {
				CODE_SIGN_STYLE = Automatic;
				DEVELOPMENT_TEAM = 7UU74PP22U;
				PRODUCT_NAME = "$(TARGET_NAME)";
				TREAT_MISSING_BASELINES_AS_TEST_FAILURES = NO;
			};
			name = Release;
		};
/* End XCBuildConfiguration section */

/* Begin XCConfigurationList section */
		9AFAB52D21A99A1A00DD044C /* Build configuration list for PBXProject "mileStone3" */ = {
			isa = XCConfigurationList;
			buildConfigurations = (
				9AFAB53721A99A1B00DD044C /* Debug */,
				9AFAB53821A99A1B00DD044C /* Release */,
			);
			defaultConfigurationIsVisible = 0;
			defaultConfigurationName = Release;
		};
		9AFAB53921A99A1B00DD044C /* Build configuration list for PBXNativeTarget "mileStone3" */ = {
			isa = XCConfigurationList;
			buildConfigurations = (
				9AFAB53A21A99A1B00DD044C /* Debug */,
				9AFAB53B21A99A1B00DD044C /* Release */,
			);
			defaultConfigurationIsVisible = 0;
			defaultConfigurationName = Release;
		};
/* End XCConfigurationList section */
	};
	rootObject = 9AFAB52A21A99A1A00DD044C /* Project object */;
}
